
Microsoft Visual Studio Solution File, Format Version 12.00
# Visual Studio 15
VisualStudioVersion = 15.0.28307.645
MinimumVisualStudioVersion = 10.0.40219.1
Project("{9A19103F-16F7-4668-BE54-9A1E7A4F7556}") = "DAL", "DAL\DAL.csproj", "{99AB0431-2A9B-40AC-B3E8-90BE06DE969F}"
EndProject
Project("{9A19103F-16F7-4668-BE54-9A1E7A4F7556}") = "DI", "DI\DI.csproj", "{D72678BC-8D45-43AC-A94F-3D925BBC24E8}"
EndProject
Project("{9A19103F-16F7-4668-BE54-9A1E7A4F7556}") = "BLL", "BLL\BLL.csproj", "{F37FD5B0-6A58-4665-9D90-0D72CE22F374}"
EndProject
Project("{9A19103F-16F7-4668-BE54-9A1E7A4F7556}") = "WebApi", "WebApi\WebApi.csproj", "{256F4D24-2C47-4880-AB63-207593FF8BD5}"
EndProject
Global
	GlobalSection(SolutionConfigurationPlatforms) = preSolution
		Debug|Any CPU = Debug|Any CPU
		Release|Any CPU = Release|Any CPU
	EndGlobalSection
	GlobalSection(ProjectConfigurationPlatforms) = postSolution
		{99AB0431-2A9B-40AC-B3E8-90BE06DE969F}.Debug|Any CPU.ActiveCfg = Debug|Any CPU
		{99AB0431-2A9B-40AC-B3E8-90BE06DE969F}.Debug|Any CPU.Build.0 = Debug|Any CPU
		{99AB0431-2A9B-40AC-B3E8-90BE06DE969F}.Release|Any CPU.ActiveCfg = Release|Any CPU
		{99AB0431-2A9B-40AC-B3E8-90BE06DE969F}.Release|Any CPU.Build.0 = Release|Any CPU
		{D72678BC-8D45-43AC-A94F-3D925BBC24E8}.Debug|Any CPU.ActiveCfg = Debug|Any CPU
		{D72678BC-8D45-43AC-A94F-3D925BBC24E8}.Debug|Any CPU.Build.0 = Debug|Any CPU
		{D72678BC-8D45-43AC-A94F-3D925BBC24E8}.Release|Any CPU.ActiveCfg = Release|Any CPU
		{D72678BC-8D45-43AC-A94F-3D925BBC24E8}.Release|Any CPU.Build.0 = Release|Any CPU
		{F37FD5B0-6A58-4665-9D90-0D72CE22F374}.Debug|Any CPU.ActiveCfg = Debug|Any CPU
		{F37FD5B0-6A58-4665-9D90-0D72CE22F374}.Debug|Any CPU.Build.0 = Debug|Any CPU
		{F37FD5B0-6A58-4665-9D90-0D72CE22F374}.Release|Any CPU.ActiveCfg = Release|Any CPU
		{F37FD5B0-6A58-4665-9D90-0D72CE22F374}.Release|Any CPU.Build.0 = Release|Any CPU
		{256F4D24-2C47-4880-AB63-207593FF8BD5}.Debug|Any CPU.ActiveCfg = Debug|Any CPU
		{256F4D24-2C47-4880-AB63-207593FF8BD5}.Debug|Any CPU.Build.0 = Debug|Any CPU
		{256F4D24-2C47-4880-AB63-207593FF8BD5}.Release|Any CPU.ActiveCfg = Release|Any CPU
		{256F4D24-2C47-4880-AB63-207593FF8BD5}.Release|Any CPU.Build.0 = Release|Any CPU
	EndGlobalSection
	GlobalSection(SolutionProperties) = preSolution
		HideSolutionNode = FALSE
	EndGlobalSection
	GlobalSection(ExtensibilityGlobals) = postSolution
		SolutionGuid = {D57907C5-B912-4110-8B13-FF751D6DEBF3}
	EndGlobalSection
EndGlobal
