
Microsoft Visual Studio Solution File, Format Version 12.00
# Visual Studio Version 16
VisualStudioVersion = 16.0.29215.179
MinimumVisualStudioVersion = 10.0.40219.1
Project("{9A19103F-16F7-4668-BE54-9A1E7A4F7556}") = "FileStorage.Contracts", "FileStorage.Contracts\FileStorage.Contracts.csproj", "{28FA0791-66AA-40BE-BFB8-F0C3D0E8AD33}"
EndProject
Project("{9A19103F-16F7-4668-BE54-9A1E7A4F7556}") = "FileStorage.WebApi", "FileStorage.WebApi\FileStorage.WebApi.csproj", "{60ED1CDD-5B13-45B6-9FC2-40C2F6C1F6E3}"
EndProject
Project("{9A19103F-16F7-4668-BE54-9A1E7A4F7556}") = "FileStorage.Implementation", "FileStorage.Implementation\FileStorage.Implementation.csproj", "{0596BA3D-1A39-4ED5-A51B-049EB7DFE3D8}"
EndProject
Global
	GlobalSection(SolutionConfigurationPlatforms) = preSolution
		Debug|Any CPU = Debug|Any CPU
		Release|Any CPU = Release|Any CPU
	EndGlobalSection
	GlobalSection(ProjectConfigurationPlatforms) = postSolution
		{28FA0791-66AA-40BE-BFB8-F0C3D0E8AD33}.Debug|Any CPU.ActiveCfg = Debug|Any CPU
		{28FA0791-66AA-40BE-BFB8-F0C3D0E8AD33}.Debug|Any CPU.Build.0 = Debug|Any CPU
		{28FA0791-66AA-40BE-BFB8-F0C3D0E8AD33}.Release|Any CPU.ActiveCfg = Release|Any CPU
		{28FA0791-66AA-40BE-BFB8-F0C3D0E8AD33}.Release|Any CPU.Build.0 = Release|Any CPU
		{60ED1CDD-5B13-45B6-9FC2-40C2F6C1F6E3}.Debug|Any CPU.ActiveCfg = Debug|Any CPU
		{60ED1CDD-5B13-45B6-9FC2-40C2F6C1F6E3}.Debug|Any CPU.Build.0 = Debug|Any CPU
		{60ED1CDD-5B13-45B6-9FC2-40C2F6C1F6E3}.Release|Any CPU.ActiveCfg = Release|Any CPU
		{60ED1CDD-5B13-45B6-9FC2-40C2F6C1F6E3}.Release|Any CPU.Build.0 = Release|Any CPU
		{0596BA3D-1A39-4ED5-A51B-049EB7DFE3D8}.Debug|Any CPU.ActiveCfg = Debug|Any CPU
		{0596BA3D-1A39-4ED5-A51B-049EB7DFE3D8}.Debug|Any CPU.Build.0 = Debug|Any CPU
		{0596BA3D-1A39-4ED5-A51B-049EB7DFE3D8}.Release|Any CPU.ActiveCfg = Release|Any CPU
		{0596BA3D-1A39-4ED5-A51B-049EB7DFE3D8}.Release|Any CPU.Build.0 = Release|Any CPU
	EndGlobalSection
	GlobalSection(SolutionProperties) = preSolution
		HideSolutionNode = FALSE
	EndGlobalSection
	GlobalSection(ExtensibilityGlobals) = postSolution
		SolutionGuid = {D57907C5-B912-4110-8B13-FF751D6DEBF3}
	EndGlobalSection
EndGlobal
